{
    "name": "webops",
    "version": "0.0.1",
    "lockfileVersion": 1,
    "requires": true,
    "dependencies": {
        "@babel/runtime": {
            "version": "7.6.2",
            "resolved": "https://registry.npmjs.org/@babel/runtime/-/runtime-7.6.2.tgz",
            "integrity": "sha512-EXxN64agfUqqIGeEjI5dL5z0Sw0ZwWo1mLTi4mQowCZ42O59b7DRpZAnTC6OqdF28wMBMFKNb/4uFGrVaigSpg==",
            "requires": {
                "regenerator-runtime": "^0.13.2"
            }
        },
        "@emotion/hash": {
            "version": "0.7.3",
            "resolved": "https://registry.npmjs.org/@emotion/hash/-/hash-0.7.3.tgz",
            "integrity": "sha512-14ZVlsB9akwvydAdaEnVnvqu6J2P6ySv39hYyl/aoB6w/V+bXX0tay8cF6paqbgZsN2n5Xh15uF4pE+GvE+itw=="
        },
        "@holoflows/kit": {
            "version": "0.5.0",
            "resolved": "https://registry.npmjs.org/@holoflows/kit/-/kit-0.5.0.tgz",
            "integrity": "sha512-ZlnAehorz3Z0kUQ6jrpNLh0pSUmBn7GO9LauZtOcLAVZFKv5RDMttWY1BD0CtzBx1ip/j7JOZ3wrjXZL+pm1SA==",
            "requires": {
                "@types/lodash-es": "^4.1.4",
                "concurrent-lock": "^1.0.7",
                "lodash-es": "^4.17.15",
                "memorize-decorator": "^0.2.2",
                "mitt": "^1.1.3",
                "reflect-metadata": "^0.1.13",
                "web-ext-types": "^3.2.1"
            }
        },
        "@material-ui/core": {
            "version": "4.5.0",
            "resolved": "https://registry.npmjs.org/@material-ui/core/-/core-4.5.0.tgz",
            "integrity": "sha512-UHVAjU+1uDtA+OMBNBHb4RlCZOu514XeYPafNJv+GTdXBDr1SCPK7yqRE6TV1/bulxlDusTgu5Q6BAUgpmO4MA==",
            "requires": {
                "@babel/runtime": "^7.4.4",
                "@material-ui/styles": "^4.5.0",
                "@material-ui/system": "^4.5.0",
                "@material-ui/types": "^4.1.1",
                "@material-ui/utils": "^4.4.0",
                "@types/react-transition-group": "^4.2.0",
                "clsx": "^1.0.2",
                "convert-css-length": "^2.0.1",
                "deepmerge": "^4.0.0",
                "hoist-non-react-statics": "^3.2.1",
                "is-plain-object": "^3.0.0",
                "normalize-scroll-left": "^0.2.0",
                "popper.js": "^1.14.1",
                "prop-types": "^15.7.2",
                "react-transition-group": "^4.3.0"
            }
        },
        "@material-ui/styles": {
            "version": "4.5.0",
            "resolved": "https://registry.npmjs.org/@material-ui/styles/-/styles-4.5.0.tgz",
            "integrity": "sha512-O0NSAECHK9f3DZK6wy56PZzp8b/7KSdfpJs8DSC7vnXUAoMPCTtchBKLzMtUsNlijiJFeJjSxNdQfjWXgyur5A==",
            "requires": {
                "@babel/runtime": "^7.4.4",
                "@emotion/hash": "^0.7.1",
                "@material-ui/types": "^4.1.1",
                "@material-ui/utils": "^4.1.0",
                "clsx": "^1.0.2",
                "csstype": "^2.5.2",
                "deepmerge": "^4.0.0",
                "hoist-non-react-statics": "^3.2.1",
                "jss": "^10.0.0",
                "jss-plugin-camel-case": "^10.0.0",
                "jss-plugin-default-unit": "^10.0.0",
                "jss-plugin-global": "^10.0.0",
                "jss-plugin-nested": "^10.0.0",
                "jss-plugin-props-sort": "^10.0.0",
                "jss-plugin-rule-value-function": "^10.0.0",
                "jss-plugin-vendor-prefixer": "^10.0.0",
                "prop-types": "^15.7.2"
            }
        },
        "@material-ui/system": {
            "version": "4.5.0",
            "resolved": "https://registry.npmjs.org/@material-ui/system/-/system-4.5.0.tgz",
            "integrity": "sha512-vR0PbMTzLnuuVCoYNQ13zyhLa/4s/UA9P9JbNuHBOOkfrHn53ShINiG0v05EgfwizfULLtc7mNvsGAgIyyp/hQ==",
            "requires": {
                "@babel/runtime": "^7.4.4",
                "deepmerge": "^4.0.0",
                "prop-types": "^15.7.2"
            }
        },
        "@material-ui/types": {
            "version": "4.1.1",
            "resolved": "https://registry.npmjs.org/@material-ui/types/-/types-4.1.1.tgz",
            "integrity": "sha512-AN+GZNXytX9yxGi0JOfxHrRTbhFybjUJ05rnsBVjcB+16e466Z0Xe5IxawuOayVZgTBNDxmPKo5j4V6OnMtaSQ==",
            "requires": {
                "@types/react": "*"
            }
        },
        "@material-ui/utils": {
            "version": "4.4.0",
            "resolved": "https://registry.npmjs.org/@material-ui/utils/-/utils-4.4.0.tgz",
            "integrity": "sha512-UXoQVwArQEQWXxf2FPs0iJGT+MePQpKr0Qh0CPoLc1OdF0GSMTmQczcqCzwZkeHxHAOq/NkIKM1Pb/ih1Avicg==",
            "requires": {
                "@babel/runtime": "^7.4.4",
                "prop-types": "^15.7.2",
                "react-is": "^16.8.6"
            }
        },
        "@types/estree": {
            "version": "0.0.39",
            "resolved": "https://registry.npmjs.org/@types/estree/-/estree-0.0.39.tgz",
            "integrity": "sha512-EYNwp3bU+98cpU4lAWYYL7Zz+2gryWH1qbdDTidVd6hkiR6weksdbMadyXKXNPEkQFhXM+hVO9ZygomHXp+AIw=="
        },
        "@types/lodash": {
            "version": "4.14.141",
            "resolved": "https://registry.npmjs.org/@types/lodash/-/lodash-4.14.141.tgz",
            "integrity": "sha512-v5NYIi9qEbFEUpCyikmnOYe4YlP8BMUdTcNCAquAKzu+FA7rZ1onj9x80mbnDdOW/K5bFf3Tv5kJplP33+gAbQ=="
        },
        "@types/lodash-es": {
            "version": "4.17.3",
            "resolved": "https://registry.npmjs.org/@types/lodash-es/-/lodash-es-4.17.3.tgz",
            "integrity": "sha512-iHI0i7ZAL1qepz1Y7f3EKg/zUMDwDfTzitx+AlHhJJvXwenP682ZyGbgPSc5Ej3eEAKVbNWKFuwOadCj5vBbYQ==",
            "requires": {
                "@types/lodash": "*"
            }
        },
        "@types/node": {
            "version": "12.7.9",
            "resolved": "https://registry.npmjs.org/@types/node/-/node-12.7.9.tgz",
            "integrity": "sha512-P57oKTJ/vYivL2BCfxCC5tQjlS8qW31pbOL6qt99Yrjm95YdHgNZwjrTTjMBh+C2/y6PXIX4oz253+jUzxKKfQ=="
        },
        "@types/prop-types": {
            "version": "15.7.3",
            "resolved": "https://registry.npmjs.org/@types/prop-types/-/prop-types-15.7.3.tgz",
            "integrity": "sha512-KfRL3PuHmqQLOG+2tGpRO26Ctg+Cq1E01D2DMriKEATHgWLfeNDmq9e29Q9WIky0dQ3NPkd1mzYH8Lm936Z9qw=="
        },
        "@types/react": {
            "version": "16.9.5",
            "resolved": "https://registry.npmjs.org/@types/react/-/react-16.9.5.tgz",
            "integrity": "sha512-jQ12VMiFOWYlp+j66dghOWcmDDwhca0bnlcTxS4Qz/fh5gi6wpaZDthPEu/Gc/YlAuO87vbiUXL8qKstFvuOaA==",
            "requires": {
                "@types/prop-types": "*",
                "csstype": "^2.2.0"
            }
        },
        "@types/react-dom": {
            "version": "16.9.1",
            "resolved": "https://registry.npmjs.org/@types/react-dom/-/react-dom-16.9.1.tgz",
            "integrity": "sha512-1S/akvkKr63qIUWVu5IKYou2P9fHLb/P2VAwyxVV85JGaGZTcUniMiTuIqM3lXFB25ej6h+CYEQ27ERVwi6eGA==",
            "requires": {
                "@types/react": "*"
            }
        },
        "@types/react-transition-group": {
            "version": "4.2.3",
            "resolved": "https://registry.npmjs.org/@types/react-transition-group/-/react-transition-group-4.2.3.tgz",
            "integrity": "sha512-Hk8jiuT7iLOHrcjKP/ZVSyCNXK73wJAUz60xm0mVhiRujrdiI++j4duLiL282VGxwAgxetHQFfqA29LgEeSkFA==",
            "requires": {
                "@types/react": "*"
            }
        },
        "@types/resolve": {
            "version": "0.0.8",
            "resolved": "https://registry.npmjs.org/@types/resolve/-/resolve-0.0.8.tgz",
            "integrity": "sha512-auApPaJf3NPfe18hSoJkp8EbZzer2ISk7o8mCC3M9he/a04+gbMF97NkpD2S8riMGvm4BMRI59/SZQSaLTKpsQ==",
            "requires": {
                "@types/node": "*"
            }
        },
        "acorn": {
            "version": "7.1.0",
            "resolved": "https://registry.npmjs.org/acorn/-/acorn-7.1.0.tgz",
            "integrity": "sha512-kL5CuoXA/dgxlBbVrflsflzQ3PAas7RYZB52NOm/6839iVYJgKMJ3cQJD+t2i5+qFa8h3MDpEOJiS64E8JLnSQ=="
        },
        "async-call-rpc": {
            "version": "1.0.0",
            "resolved": "https://registry.npmjs.org/async-call-rpc/-/async-call-rpc-1.0.0.tgz",
            "integrity": "sha512-J2bj2HfUPKJCf7i/Lgxjj51+L0xg5xzENK1zkH3xZhsg2PFj2rxwwIRhqSKvGW6z3d6ukjcQWHg/0UbtsuFD2g=="
        },
        "builtin-modules": {
            "version": "3.1.0",
            "resolved": "https://registry.npmjs.org/builtin-modules/-/builtin-modules-3.1.0.tgz",
            "integrity": "sha512-k0KL0aWZuBt2lrxrcASWDfwOLMnodeQjodT/1SxEQAXsHANgo6ZC/VEaSEHCXt7aSTZ4/4H5LKa+tBXmW7Vtvw=="
        },
        "clsx": {
            "version": "1.0.4",
            "resolved": "https://registry.npmjs.org/clsx/-/clsx-1.0.4.tgz",
            "integrity": "sha512-1mQ557MIZTrL/140j+JVdRM6e31/OA4vTYxXgqIIZlndyfjHpyawKZia1Im05Vp9BWmImkcNrNtFYQMyFcgJDg=="
        },
        "commondir": {
            "version": "1.0.1",
            "resolved": "https://registry.npmjs.org/commondir/-/commondir-1.0.1.tgz",
            "integrity": "sha1-3dgA2gxmEnOTzKWVDqloo6rxJTs="
        },
        "concurrent-lock": {
            "version": "1.0.7",
            "resolved": "https://registry.npmjs.org/concurrent-lock/-/concurrent-lock-1.0.7.tgz",
            "integrity": "sha512-WhivxLzkjaqpd3Bs+8UCq8cDznvx4vX5tzW17Zbk1c8nyuALt3h7EK5qpc3BSLFZADpCmMJieqUoZ6iOSTYIPA==",
            "requires": {
                "@babel/runtime": "^7.3.4"
            }
        },
        "convert-css-length": {
            "version": "2.0.1",
            "resolved": "https://registry.npmjs.org/convert-css-length/-/convert-css-length-2.0.1.tgz",
            "integrity": "sha512-iGpbcvhLPRKUbBc0Quxx7w/bV14AC3ItuBEGMahA5WTYqB8lq9jH0kTXFheCBASsYnqeMFZhiTruNxr1N59Axg=="
        },
        "css-vendor": {
            "version": "2.0.7",
            "resolved": "https://registry.npmjs.org/css-vendor/-/css-vendor-2.0.7.tgz",
            "integrity": "sha512-VS9Rjt79+p7M0WkPqcAza4Yq1ZHrsHrwf7hPL/bjQB+c1lwmAI+1FXxYTYt818D/50fFVflw0XKleiBN5RITkg==",
            "requires": {
                "@babel/runtime": "^7.6.2",
                "is-in-browser": "^1.0.2"
            }
        },
        "csstype": {
            "version": "2.6.6",
            "resolved": "https://registry.npmjs.org/csstype/-/csstype-2.6.6.tgz",
            "integrity": "sha512-RpFbQGUE74iyPgvr46U9t1xoQBM8T4BL8SxrN66Le2xYAPSaDJJKeztV3awugusb3g3G9iL8StmkBBXhcbbXhg=="
        },
        "deepmerge": {
            "version": "4.0.0",
            "resolved": "https://registry.npmjs.org/deepmerge/-/deepmerge-4.0.0.tgz",
            "integrity": "sha512-YZ1rOP5+kHor4hMAH+HRQnBQHg+wvS1un1hAOuIcxcBy0hzcUf6Jg2a1w65kpoOUnurOfZbERwjI1TfZxNjcww=="
        },
        "dom-helpers": {
            "version": "5.1.0",
            "resolved": "https://registry.npmjs.org/dom-helpers/-/dom-helpers-5.1.0.tgz",
            "integrity": "sha512-zRRYDhpiKuAJHasOqCm7lBnsd22nrM4+OYI4ASWCxen+ocTMl7BIAKgGag97TlLiTl6rrau5aPe1VGUm9jQBng==",
            "requires": {
                "@babel/runtime": "^7.5.5",
                "csstype": "^2.6.6"
            }
        },
        "estree-walker": {
            "version": "0.6.1",
            "resolved": "https://registry.npmjs.org/estree-walker/-/estree-walker-0.6.1.tgz",
            "integrity": "sha512-SqmZANLWS0mnatqbSfRP5g8OXZC12Fgg1IwNtLsyHDzJizORW4khDfjPqJZsemPWBB2uqykUah5YpQ6epsqC/w=="
        },
        "find-cache-dir": {
            "version": "3.0.0",
            "resolved": "https://registry.npmjs.org/find-cache-dir/-/find-cache-dir-3.0.0.tgz",
            "integrity": "sha512-t7ulV1fmbxh5G9l/492O1p5+EBbr3uwpt6odhFTMc+nWyhmbloe+ja9BZ8pIBtqFWhOmCWVjx+pTW4zDkFoclw==",
            "requires": {
                "commondir": "^1.0.1",
                "make-dir": "^3.0.0",
                "pkg-dir": "^4.1.0"
            }
        },
        "find-up": {
            "version": "4.1.0",
            "resolved": "https://registry.npmjs.org/find-up/-/find-up-4.1.0.tgz",
            "integrity": "sha512-PpOwAdQ/YlXQ2vj8a3h8IipDuYRi3wceVQQGYWxNINccq40Anw7BlsEXCMbt1Zt+OLA6Fq9suIpIWD0OsnISlw==",
            "requires": {
                "locate-path": "^5.0.0",
                "path-exists": "^4.0.0"
            }
        },
        "fs-extra": {
            "version": "8.1.0",
            "resolved": "https://registry.npmjs.org/fs-extra/-/fs-extra-8.1.0.tgz",
            "integrity": "sha512-yhlQgA6mnOJUKOsRUFsgJdQCvkKhcz8tlZG5HBQfReYZy46OwLcY+Zia0mtdHsOo9y/hP+CxMN0TU9QxoOtG4g==",
            "requires": {
                "graceful-fs": "^4.2.0",
                "jsonfile": "^4.0.0",
                "universalify": "^0.1.0"
            }
        },
        "graceful-fs": {
            "version": "4.2.2",
            "resolved": "https://registry.npmjs.org/graceful-fs/-/graceful-fs-4.2.2.tgz",
            "integrity": "sha512-IItsdsea19BoLC7ELy13q1iJFNmd7ofZH5+X/pJr90/nRoPEX0DJo1dHDbgtYWOhJhcCgMDTOw84RZ72q6lB+Q=="
        },
        "hoist-non-react-statics": {
            "version": "3.3.0",
            "resolved": "https://registry.npmjs.org/hoist-non-react-statics/-/hoist-non-react-statics-3.3.0.tgz",
            "integrity": "sha512-0XsbTXxgiaCDYDIWFcwkmerZPSwywfUqYmwT4jzewKTQSWoE6FCMoUVOeBJWK3E/CrWbxRG3m5GzY4lnIwGRBA==",
            "requires": {
                "react-is": "^16.7.0"
            }
        },
        "hyphenate-style-name": {
            "version": "1.0.3",
            "resolved": "https://registry.npmjs.org/hyphenate-style-name/-/hyphenate-style-name-1.0.3.tgz",
            "integrity": "sha512-EcuixamT82oplpoJ2XU4pDtKGWQ7b00CD9f1ug9IaQ3p1bkHMiKCZ9ut9QDI6qsa6cpUuB+A/I+zLtdNK4n2DQ=="
        },
        "is-in-browser": {
            "version": "1.1.3",
            "resolved": "https://registry.npmjs.org/is-in-browser/-/is-in-browser-1.1.3.tgz",
            "integrity": "sha1-Vv9NtoOgeMYILrldrX3GLh0E+DU="
        },
        "is-module": {
            "version": "1.0.0",
            "resolved": "https://registry.npmjs.org/is-module/-/is-module-1.0.0.tgz",
            "integrity": "sha1-Mlj7afeMFNW4FdZkM2tM/7ZEFZE="
        },
        "is-plain-object": {
            "version": "3.0.0",
            "resolved": "https://registry.npmjs.org/is-plain-object/-/is-plain-object-3.0.0.tgz",
            "integrity": "sha512-tZIpofR+P05k8Aocp7UI/2UTa9lTJSebCXpFFoR9aibpokDj/uXBsJ8luUu0tTVYKkMU6URDUuOfJZ7koewXvg==",
            "requires": {
                "isobject": "^4.0.0"
            }
        },
        "is-reference": {
            "version": "1.1.4",
            "resolved": "https://registry.npmjs.org/is-reference/-/is-reference-1.1.4.tgz",
            "integrity": "sha512-uJA/CDPO3Tao3GTrxYn6AwkM4nUPJiGGYu5+cB8qbC7WGFlrKZbiRo7SFKxUAEpFUfiHofWCXBUNhvYJMh+6zw==",
            "requires": {
                "@types/estree": "0.0.39"
            }
        },
        "isobject": {
            "version": "4.0.0",
            "resolved": "https://registry.npmjs.org/isobject/-/isobject-4.0.0.tgz",
            "integrity": "sha512-S/2fF5wH8SJA/kmwr6HYhK/RI/OkhD84k8ntalo0iJjZikgq1XFvR5M8NPT1x5F7fBwCG3qHfnzeP/Vh/ZxCUA=="
        },
        "js-tokens": {
            "version": "4.0.0",
            "resolved": "https://registry.npmjs.org/js-tokens/-/js-tokens-4.0.0.tgz",
            "integrity": "sha512-RdJUflcE3cUzKiMqQgsCu06FPu9UdIJO0beYbPhHN4k6apgJtifcoCtT9bcxOpYBtpD2kCM6Sbzg4CausW/PKQ=="
        },
        "jsonfile": {
            "version": "4.0.0",
            "resolved": "https://registry.npmjs.org/jsonfile/-/jsonfile-4.0.0.tgz",
            "integrity": "sha1-h3Gq4HmbZAdrdmQPygWPnBDjPss=",
            "requires": {
                "graceful-fs": "^4.1.6"
            }
        },
        "jss": {
            "version": "10.0.0",
            "resolved": "https://registry.npmjs.org/jss/-/jss-10.0.0.tgz",
            "integrity": "sha512-TPpDFsiBjuERiL+dFDq8QCdiF9oDasPcNqCKLGCo/qED3fNYOQ8PX2lZhknyTiAt3tZrfOFbb0lbQ9lTjPZxsQ==",
            "requires": {
                "@babel/runtime": "^7.3.1",
                "csstype": "^2.6.5",
                "is-in-browser": "^1.1.3",
                "tiny-warning": "^1.0.2"
            }
        },
        "jss-plugin-camel-case": {
            "version": "10.0.0",
            "resolved": "https://registry.npmjs.org/jss-plugin-camel-case/-/jss-plugin-camel-case-10.0.0.tgz",
            "integrity": "sha512-yALDL00+pPR4FJh+k07A8FeDvfoPPuXU48HLy63enAubcVd3DnS+2rgqPXglHDGixIDVkCSXecl/l5GAMjzIbA==",
            "requires": {
                "@babel/runtime": "^7.3.1",
                "hyphenate-style-name": "^1.0.3",
                "jss": "10.0.0"
            }
        },
        "jss-plugin-default-unit": {
            "version": "10.0.0",
            "resolved": "https://registry.npmjs.org/jss-plugin-default-unit/-/jss-plugin-default-unit-10.0.0.tgz",
            "integrity": "sha512-sURozIOdCtGg9ap18erQ+ijndAfEGtTaetxfU3H4qwC18Bi+fdvjlY/ahKbuu0ASs7R/+WKCP7UaRZOjUDMcdQ==",
            "requires": {
                "@babel/runtime": "^7.3.1",
                "jss": "10.0.0"
            }
        },
        "jss-plugin-global": {
            "version": "10.0.0",
            "resolved": "https://registry.npmjs.org/jss-plugin-global/-/jss-plugin-global-10.0.0.tgz",
            "integrity": "sha512-80ofWKSQUo62bxLtRoTNe0kFPtHgUbAJeOeR36WEGgWIBEsXLyXOnD5KNnjPqG4heuEkz9eSLccjYST50JnI7Q==",
            "requires": {
                "@babel/runtime": "^7.3.1",
                "jss": "10.0.0"
            }
        },
        "jss-plugin-nested": {
            "version": "10.0.0",
            "resolved": "https://registry.npmjs.org/jss-plugin-nested/-/jss-plugin-nested-10.0.0.tgz",
            "integrity": "sha512-waxxwl/po1hN3azTyixKnr8ReEqUv5WK7WsO+5AWB0bFndML5Yqnt8ARZ90HEg8/P6WlqE/AB2413TkCRZE8bA==",
            "requires": {
                "@babel/runtime": "^7.3.1",
                "jss": "10.0.0",
                "tiny-warning": "^1.0.2"
            }
        },
        "jss-plugin-props-sort": {
            "version": "10.0.0",
            "resolved": "https://registry.npmjs.org/jss-plugin-props-sort/-/jss-plugin-props-sort-10.0.0.tgz",
            "integrity": "sha512-41mf22CImjwNdtOG3r+cdC8+RhwNm616sjHx5YlqTwtSJLyLFinbQC/a4PIFk8xqf1qpFH1kEAIw+yx9HaqZ3g==",
            "requires": {
                "@babel/runtime": "^7.3.1",
                "jss": "10.0.0"
            }
        },
        "jss-plugin-rule-value-function": {
            "version": "10.0.0",
            "resolved": "https://registry.npmjs.org/jss-plugin-rule-value-function/-/jss-plugin-rule-value-function-10.0.0.tgz",
            "integrity": "sha512-Jw+BZ8JIw1f12V0SERqGlBT1JEPWax3vuZpMym54NAXpPb7R1LYHiCTIlaJUyqvIfEy3kiHMtgI+r2whGgRIxQ==",
            "requires": {
                "@babel/runtime": "^7.3.1",
                "jss": "10.0.0"
            }
        },
        "jss-plugin-vendor-prefixer": {
            "version": "10.0.0",
            "resolved": "https://registry.npmjs.org/jss-plugin-vendor-prefixer/-/jss-plugin-vendor-prefixer-10.0.0.tgz",
            "integrity": "sha512-qslqvL0MUbWuzXJWdUxpj6mdNUX8jr4FFTo3aZnAT65nmzWL7g8oTr9ZxmTXXgdp7ANhS1QWE7036/Q2isFBpw==",
            "requires": {
                "@babel/runtime": "^7.3.1",
                "css-vendor": "^2.0.6",
                "jss": "10.0.0"
            }
        },
        "locate-path": {
            "version": "5.0.0",
            "resolved": "https://registry.npmjs.org/locate-path/-/locate-path-5.0.0.tgz",
            "integrity": "sha512-t7hw9pI+WvuwNJXwk5zVHpyhIqzg2qTlklJOf0mVxGSbe3Fp2VieZcduNYjaLDoy6p9uGpQEGWG87WpMKlNq8g==",
            "requires": {
                "p-locate": "^4.1.0"
            }
        },
        "lodash-es": {
            "version": "4.17.15",
            "resolved": "https://registry.npmjs.org/lodash-es/-/lodash-es-4.17.15.tgz",
            "integrity": "sha512-rlrc3yU3+JNOpZ9zj5pQtxnx2THmvRykwL4Xlxoa8I9lHBlVbbyPhgyPMioxVZ4NqyxaVVtaJnzsyOidQIhyyQ=="
        },
        "loose-envify": {
            "version": "1.4.0",
            "resolved": "https://registry.npmjs.org/loose-envify/-/loose-envify-1.4.0.tgz",
            "integrity": "sha512-lyuxPGr/Wfhrlem2CL/UcnUc1zcqKAImBDzukY7Y5F/yQiNdko6+fRLevlw1HgMySw7f611UIY408EtxRSoK3Q==",
            "requires": {
                "js-tokens": "^3.0.0 || ^4.0.0"
            }
        },
        "magic-string": {
            "version": "0.25.4",
            "resolved": "https://registry.npmjs.org/magic-string/-/magic-string-0.25.4.tgz",
            "integrity": "sha512-oycWO9nEVAP2RVPbIoDoA4Y7LFIJ3xRYov93gAyJhZkET1tNuB0u7uWkZS2LpBWTJUWnmau/To8ECWRC+jKNfw==",
            "requires": {
                "sourcemap-codec": "^1.4.4"
            }
        },
        "make-dir": {
            "version": "3.0.0",
            "resolved": "https://registry.npmjs.org/make-dir/-/make-dir-3.0.0.tgz",
            "integrity": "sha512-grNJDhb8b1Jm1qeqW5R/O63wUo4UXo2v2HMic6YT9i/HBlF93S8jkMgH7yugvY9ABDShH4VZMn8I+U8+fCNegw==",
            "requires": {
                "semver": "^6.0.0"
            }
        },
        "memorize-decorator": {
            "version": "0.2.2",
            "resolved": "https://registry.npmjs.org/memorize-decorator/-/memorize-decorator-0.2.2.tgz",
            "integrity": "sha512-gjMxF1Dw7alhiVbxTQiMcYtMCGJ8cGVdUPCEek88H4WvRGShozxObMFm1BMWctXXZpP7F7eIUJQkTa/jLPZeFQ==",
            "requires": {
                "multikey-map": "^0.2.0"
            }
        },
        "mitt": {
            "version": "1.1.3",
            "resolved": "https://registry.npmjs.org/mitt/-/mitt-1.1.3.tgz",
            "integrity": "sha512-mUDCnVNsAi+eD6qA0HkRkwYczbLHJ49z17BGe2PYRhZL4wpZUFZGJHU7/5tmvohoma+Hdn0Vh/oJTiPEmgSruA=="
        },
        "mixed-map": {
            "version": "0.1.1",
            "resolved": "https://registry.npmjs.org/mixed-map/-/mixed-map-0.1.1.tgz",
            "integrity": "sha512-k1bGC1J3EgXbvKM4qWUVygoF5BxZrL9pKprEXEL5l8p7lePA01IllCvpMnpEs5odne3JFc+efayDEPdX2OIxwg=="
        },
        "multikey-map": {
            "version": "0.2.0",
            "resolved": "https://registry.npmjs.org/multikey-map/-/multikey-map-0.2.0.tgz",
            "integrity": "sha512-0DkizPHr9u3oBL73vHJoFPChMvBfXQtZy2qsMfkam7qnqyOQn4C7D9lmNNQv+WmRZz2nNACi70sdncV/eVqL1A==",
            "requires": {
                "mixed-map": "^0.1.0"
            }
        },
        "normalize-scroll-left": {
            "version": "0.2.0",
            "resolved": "https://registry.npmjs.org/normalize-scroll-left/-/normalize-scroll-left-0.2.0.tgz",
            "integrity": "sha512-t5oCENZJl8TGusJKoCJm7+asaSsPuNmK6+iEjrZ5TyBj2f02brCRsd4c83hwtu+e5d4LCSBZ0uoDlMjBo+A8yA=="
        },
        "object-assign": {
            "version": "4.1.1",
            "resolved": "https://registry.npmjs.org/object-assign/-/object-assign-4.1.1.tgz",
            "integrity": "sha1-IQmtx5ZYh8/AXLvUQsrIv7s2CGM="
        },
        "p-limit": {
            "version": "2.2.1",
            "resolved": "https://registry.npmjs.org/p-limit/-/p-limit-2.2.1.tgz",
            "integrity": "sha512-85Tk+90UCVWvbDavCLKPOLC9vvY8OwEX/RtKF+/1OADJMVlFfEHOiMTPVyxg7mk/dKa+ipdHm0OUkTvCpMTuwg==",
            "requires": {
                "p-try": "^2.0.0"
            }
        },
        "p-locate": {
            "version": "4.1.0",
            "resolved": "https://registry.npmjs.org/p-locate/-/p-locate-4.1.0.tgz",
            "integrity": "sha512-R79ZZ/0wAxKGu3oYMlz8jy/kbhsNrS7SKZ7PxEHBgJ5+F2mtFW2fK2cOtBh1cHYkQsbzFV7I+EoRKe6Yt0oK7A==",
            "requires": {
                "p-limit": "^2.2.0"
            }
        },
        "p-try": {
            "version": "2.2.0",
            "resolved": "https://registry.npmjs.org/p-try/-/p-try-2.2.0.tgz",
            "integrity": "sha512-R4nPAVTAU0B9D35/Gk3uJf/7XYbQcyohSKdvAxIRSNghFl4e71hVoGnBNQz9cWaXxO2I10KTC+3jMdvvoKw6dQ=="
        },
        "path-exists": {
            "version": "4.0.0",
            "resolved": "https://registry.npmjs.org/path-exists/-/path-exists-4.0.0.tgz",
            "integrity": "sha512-ak9Qy5Q7jYb2Wwcey5Fpvg2KoAc/ZIhLSLOSBmRmygPsGwkVVt0fZa0qrtMz+m6tJTAHfZQ8FnmB4MG4LWy7/w=="
        },
        "path-parse": {
            "version": "1.0.6",
            "resolved": "https://registry.npmjs.org/path-parse/-/path-parse-1.0.6.tgz",
            "integrity": "sha512-GSmOT2EbHrINBf9SR7CDELwlJ8AENk3Qn7OikK4nFYAu3Ote2+JYNVvkpAEQm3/TLNEJFD/xZJjzyxg3KBWOzw=="
        },
        "pkg-dir": {
            "version": "4.2.0",
            "resolved": "https://registry.npmjs.org/pkg-dir/-/pkg-dir-4.2.0.tgz",
            "integrity": "sha512-HRDzbaKjC+AOWVXxAU/x54COGeIv9eb+6CkDSQoNTt4XyWoIJvuPsXizxu/Fr23EiekbtZwmh1IcIG/l/a10GQ==",
            "requires": {
                "find-up": "^4.0.0"
            }
        },
        "popper.js": {
            "version": "1.15.0",
            "resolved": "https://registry.npmjs.org/popper.js/-/popper.js-1.15.0.tgz",
            "integrity": "sha512-w010cY1oCUmI+9KwwlWki+r5jxKfTFDVoadl7MSrIujHU5MJ5OR6HTDj6Xo8aoR/QsA56x8jKjA59qGH4ELtrA=="
        },
        "prop-types": {
            "version": "15.7.2",
            "resolved": "https://registry.npmjs.org/prop-types/-/prop-types-15.7.2.tgz",
            "integrity": "sha512-8QQikdH7//R2vurIJSutZ1smHYTcLpRWEOlHnzcWHmBYrOGUysKwSsrC89BCiFj3CbrfJ/nXFdJepOVrY1GCHQ==",
            "requires": {
                "loose-envify": "^1.4.0",
                "object-assign": "^4.1.1",
                "react-is": "^16.8.1"
            }
        },
        "react": {
            "version": "16.10.2",
            "resolved": "https://registry.npmjs.org/react/-/react-16.10.2.tgz",
            "integrity": "sha512-MFVIq0DpIhrHFyqLU0S3+4dIcBhhOvBE8bJ/5kHPVOVaGdo0KuiQzpcjCPsf585WvhypqtrMILyoE2th6dT+Lw==",
            "requires": {
                "loose-envify": "^1.1.0",
                "object-assign": "^4.1.1",
                "prop-types": "^15.6.2"
            }
        },
        "react-dom": {
            "version": "16.10.2",
            "resolved": "https://registry.npmjs.org/react-dom/-/react-dom-16.10.2.tgz",
            "integrity": "sha512-kWGDcH3ItJK4+6Pl9DZB16BXYAZyrYQItU4OMy0jAkv5aNqc+mAKb4TpFtAteI6TJZu+9ZlNhaeNQSVQDHJzkw==",
            "requires": {
                "loose-envify": "^1.1.0",
                "object-assign": "^4.1.1",
                "prop-types": "^15.6.2",
                "scheduler": "^0.16.2"
            }
        },
        "react-is": {
            "version": "16.10.2",
            "resolved": "https://registry.npmjs.org/react-is/-/react-is-16.10.2.tgz",
            "integrity": "sha512-INBT1QEgtcCCgvccr5/86CfD71fw9EPmDxgiJX4I2Ddr6ZsV6iFXsuby+qWJPtmNuMY0zByTsG4468P7nHuNWA=="
        },
        "react-transition-group": {
            "version": "4.3.0",
            "resolved": "https://registry.npmjs.org/react-transition-group/-/react-transition-group-4.3.0.tgz",
            "integrity": "sha512-1qRV1ZuVSdxPlPf4O8t7inxUGpdyO5zG9IoNfJxSO0ImU2A1YWkEQvFPuIPZmMLkg5hYs7vv5mMOyfgSkvAwvw==",
            "requires": {
                "@babel/runtime": "^7.5.5",
                "dom-helpers": "^5.0.1",
                "loose-envify": "^1.4.0",
                "prop-types": "^15.6.2"
            }
        },
        "reflect-metadata": {
            "version": "0.1.13",
            "resolved": "https://registry.npmjs.org/reflect-metadata/-/reflect-metadata-0.1.13.tgz",
            "integrity": "sha512-Ts1Y/anZELhSsjMcU605fU9RE4Oi3p5ORujwbIKXfWa+0Zxs510Qrmrce5/Jowq3cHSZSJqBjypxmHarc+vEWg=="
        },
        "regenerator-runtime": {
            "version": "0.13.3",
            "resolved": "https://registry.npmjs.org/regenerator-runtime/-/regenerator-runtime-0.13.3.tgz",
            "integrity": "sha512-naKIZz2GQ8JWh///G7L3X6LaQUAMp2lvb1rvwwsURe/VXwD6VMfr+/1NuNw3ag8v2kY1aQ/go5SNn79O9JU7yw=="
        },
        "resolve": {
            "version": "1.12.0",
            "resolved": "https://registry.npmjs.org/resolve/-/resolve-1.12.0.tgz",
            "integrity": "sha512-B/dOmuoAik5bKcD6s6nXDCjzUKnaDvdkRyAk6rsmsKLipWj4797iothd7jmmUhWTfinVMU+wc56rYKsit2Qy4w==",
            "requires": {
                "path-parse": "^1.0.6"
            }
        },
        "rollup": {
            "version": "1.22.0",
            "resolved": "https://registry.npmjs.org/rollup/-/rollup-1.22.0.tgz",
            "integrity": "sha512-x4l4ZrV/Mr/x/jvFTmwROdEAhbZjx16yDRTVSKWh/i4oJDuW2dVEbECT853mybYCz7BAitU8ElGlhx7dNjw3qQ==",
            "requires": {
                "@types/estree": "*",
                "@types/node": "*",
                "acorn": "^7.1.0"
            }
        },
        "rollup-plugin-commonjs": {
            "version": "10.1.0",
            "resolved": "https://registry.npmjs.org/rollup-plugin-commonjs/-/rollup-plugin-commonjs-10.1.0.tgz",
            "integrity": "sha512-jlXbjZSQg8EIeAAvepNwhJj++qJWNJw1Cl0YnOqKtP5Djx+fFGkp3WRh+W0ASCaFG5w1jhmzDxgu3SJuVxPF4Q==",
            "requires": {
                "estree-walker": "^0.6.1",
                "is-reference": "^1.1.2",
                "magic-string": "^0.25.2",
                "resolve": "^1.11.0",
                "rollup-pluginutils": "^2.8.1"
            }
        },
        "rollup-plugin-node-resolve": {
            "version": "5.2.0",
            "resolved": "https://registry.npmjs.org/rollup-plugin-node-resolve/-/rollup-plugin-node-resolve-5.2.0.tgz",
            "integrity": "sha512-jUlyaDXts7TW2CqQ4GaO5VJ4PwwaV8VUGA7+km3n6k6xtOEacf61u0VXwN80phY/evMcaS+9eIeJ9MOyDxt5Zw==",
            "requires": {
                "@types/resolve": "0.0.8",
                "builtin-modules": "^3.1.0",
                "is-module": "^1.0.0",
                "resolve": "^1.11.1",
                "rollup-pluginutils": "^2.8.1"
            }
        },
        "rollup-plugin-typescript2": {
            "version": "0.24.3",
            "resolved": "https://registry.npmjs.org/rollup-plugin-typescript2/-/rollup-plugin-typescript2-0.24.3.tgz",
            "integrity": "sha512-D7yovQlhnRoz7pG/RF0ni+koxgzEShwfAGuOq6OVqKzcATHOvmUt2ePeYVdc9N0adcW1PcTzklUEM0oNWE/POw==",
            "requires": {
                "find-cache-dir": "^3.0.0",
                "fs-extra": "8.1.0",
                "resolve": "1.12.0",
                "rollup-pluginutils": "2.8.1",
                "tslib": "1.10.0"
            }
        },
        "rollup-pluginutils": {
            "version": "2.8.1",
            "resolved": "https://registry.npmjs.org/rollup-pluginutils/-/rollup-pluginutils-2.8.1.tgz",
            "integrity": "sha512-J5oAoysWar6GuZo0s+3bZ6sVZAC0pfqKz68De7ZgDi5z63jOVZn1uJL/+z1jeKHNbGII8kAyHF5q8LnxSX5lQg==",
            "requires": {
                "estree-walker": "^0.6.1"
            }
        },
        "scheduler": {
            "version": "0.16.2",
            "resolved": "https://registry.npmjs.org/scheduler/-/scheduler-0.16.2.tgz",
            "integrity": "sha512-BqYVWqwz6s1wZMhjFvLfVR5WXP7ZY32M/wYPo04CcuPM7XZEbV2TBNW7Z0UkguPTl0dWMA59VbNXxK6q+pHItg==",
            "requires": {
                "loose-envify": "^1.1.0",
                "object-assign": "^4.1.1"
            }
        },
        "semver": {
            "version": "6.3.0",
            "resolved": "https://registry.npmjs.org/semver/-/semver-6.3.0.tgz",
            "integrity": "sha512-b39TBaTSfV6yBrapU89p5fKekE2m/NwnDocOVruQFS1/veMgdzuPcnOM34M6CwxW8jH/lxEa5rBoDeUwu5HHTw=="
        },
        "sourcemap-codec": {
            "version": "1.4.6",
            "resolved": "https://registry.npmjs.org/sourcemap-codec/-/sourcemap-codec-1.4.6.tgz",
            "integrity": "sha512-1ZooVLYFxC448piVLBbtOxFcXwnymH9oUF8nRd3CuYDVvkRBxRl6pB4Mtas5a4drtL+E8LDgFkQNcgIw6tc8Hg=="
        },
        "tiny-warning": {
            "version": "1.0.3",
            "resolved": "https://registry.npmjs.org/tiny-warning/-/tiny-warning-1.0.3.tgz",
            "integrity": "sha512-lBN9zLN/oAf68o3zNXYrdCt1kP8WsiGW8Oo2ka41b2IM5JL/S1CTyX1rW0mb/zSuJun0ZUrDxx4sqvYS2FWzPA=="
        },
        "tslib": {
            "version": "1.10.0",
            "resolved": "https://registry.npmjs.org/tslib/-/tslib-1.10.0.tgz",
            "integrity": "sha512-qOebF53frne81cf0S9B41ByenJ3/IuH8yJKngAX35CmiZySA0khhkovshKK+jGCaMnVomla7gVlIcc3EvKPbTQ=="
        },
        "typescript": {
            "version": "3.6.3",
            "resolved": "https://registry.npmjs.org/typescript/-/typescript-3.6.3.tgz",
            "integrity": "sha512-N7bceJL1CtRQ2RiG0AQME13ksR7DiuQh/QehubYcghzv20tnh+MQnQIuJddTmsbqYj+dztchykemz0zFzlvdQw=="
        },
        "universalify": {
            "version": "0.1.2",
            "resolved": "https://registry.npmjs.org/universalify/-/universalify-0.1.2.tgz",
            "integrity": "sha512-rBJeI5CXAlmy1pV+617WB9J63U6XcazHHF2f2dbJix4XzpUF0RS3Zbj0FGIOCAva5P/d/GBOYaACQ1w+0azUkg=="
        },
        "web-ext-types": {
            "version": "3.2.1",
            "resolved": "https://registry.npmjs.org/web-ext-types/-/web-ext-types-3.2.1.tgz",
            "integrity": "sha512-oQZYDU3W8X867h8Jmt3129kRVKklz70db40Y6OzoTTuzOJpF/dB2KULJUf0txVPyUUXuyzV8GmT3nVvRHoG+Ew=="
        },
        "webextension-polyfill": {
            "version": "0.5.0",
            "resolved": "https://registry.npmjs.org/webextension-polyfill/-/webextension-polyfill-0.5.0.tgz",
            "integrity": "sha512-aFrl38x43t1bTboX/paCT8I97+idzX/TY0+fuM52hrIkCpYfROEF9kSn0BXuEIi3J9LTYt2ZZKkhx9NB1qF3nA=="
        }
    }
}
